
Microsoft Visual Studio Solution File, Format Version 12.00
# Visual Studio Version 17
VisualStudioVersion = 17.0.31903.59
MinimumVisualStudioVersion = 10.0.40219.1
Project("{FAE04EC0-301F-11D3-BF4B-00C04F79EFBC}") = "API", "API\API.csproj", "{144B7DA6-4087-45F3-9B5C-1CE159B9BFF9}"
EndProject
Project("{FAE04EC0-301F-11D3-BF4B-00C04F79EFBC}") = "Application", "Application\Application.csproj", "{279DEF82-F67B-48D0-8262-26B5EC43E873}"
EndProject
Project("{FAE04EC0-301F-11D3-BF4B-00C04F79EFBC}") = "Domain", "Domain\Domain.csproj", "{91675AE4-1069-4F08-BA4C-1C84B0C4968F}"
EndProject
Project("{FAE04EC0-301F-11D3-BF4B-00C04F79EFBC}") = "Persistence", "Persistence\Persistence.csproj", "{65DD86F3-52FC-41CF-B0DC-9D9CB23AA52E}"
EndProject
Global
	GlobalSection(SolutionConfigurationPlatforms) = preSolution
		Debug|Any CPU = Debug|Any CPU
		Release|Any CPU = Release|Any CPU
	EndGlobalSection
	GlobalSection(SolutionProperties) = preSolution
		HideSolutionNode = FALSE
	EndGlobalSection
	GlobalSection(ProjectConfigurationPlatforms) = postSolution
		{144B7DA6-4087-45F3-9B5C-1CE159B9BFF9}.Debug|Any CPU.ActiveCfg = Debug|Any CPU
		{144B7DA6-4087-45F3-9B5C-1CE159B9BFF9}.Debug|Any CPU.Build.0 = Debug|Any CPU
		{144B7DA6-4087-45F3-9B5C-1CE159B9BFF9}.Release|Any CPU.ActiveCfg = Release|Any CPU
		{144B7DA6-4087-45F3-9B5C-1CE159B9BFF9}.Release|Any CPU.Build.0 = Release|Any CPU
		{279DEF82-F67B-48D0-8262-26B5EC43E873}.Debug|Any CPU.ActiveCfg = Debug|Any CPU
		{279DEF82-F67B-48D0-8262-26B5EC43E873}.Debug|Any CPU.Build.0 = Debug|Any CPU
		{279DEF82-F67B-48D0-8262-26B5EC43E873}.Release|Any CPU.ActiveCfg = Release|Any CPU
		{279DEF82-F67B-48D0-8262-26B5EC43E873}.Release|Any CPU.Build.0 = Release|Any CPU
		{91675AE4-1069-4F08-BA4C-1C84B0C4968F}.Debug|Any CPU.ActiveCfg = Debug|Any CPU
		{91675AE4-1069-4F08-BA4C-1C84B0C4968F}.Debug|Any CPU.Build.0 = Debug|Any CPU
		{91675AE4-1069-4F08-BA4C-1C84B0C4968F}.Release|Any CPU.ActiveCfg = Release|Any CPU
		{91675AE4-1069-4F08-BA4C-1C84B0C4968F}.Release|Any CPU.Build.0 = Release|Any CPU
		{65DD86F3-52FC-41CF-B0DC-9D9CB23AA52E}.Debug|Any CPU.ActiveCfg = Debug|Any CPU
		{65DD86F3-52FC-41CF-B0DC-9D9CB23AA52E}.Debug|Any CPU.Build.0 = Debug|Any CPU
		{65DD86F3-52FC-41CF-B0DC-9D9CB23AA52E}.Release|Any CPU.ActiveCfg = Release|Any CPU
		{65DD86F3-52FC-41CF-B0DC-9D9CB23AA52E}.Release|Any CPU.Build.0 = Release|Any CPU
	EndGlobalSection
EndGlobal
